// !$*UTF8*$!
{
	archiveVersion = 1;
	classes = {
	};
	objectVersion = 46;
	objects = {

/* Begin PBXBuildFile section */
		82E6169A1C8785F2005893B1 /* AppDelegate.swift in Sources */ = {isa = PBXBuildFile; fileRef = 82E616991C8785F2005893B1 /* AppDelegate.swift */; };
		82E6169C1C8785F2005893B1 /* GameScene.sks in Resources */ = {isa = PBXBuildFile; fileRef = 82E6169B1C8785F2005893B1 /* GameScene.sks */; };
		82E6169E1C8785F2005893B1 /* GameScene.swift in Sources */ = {isa = PBXBuildFile; fileRef = 82E6169D1C8785F2005893B1 /* GameScene.swift */; };
		82E616A01C8785F2005893B1 /* GameViewController.swift in Sources */ = {isa = PBXBuildFile; fileRef = 82E6169F1C8785F2005893B1 /* GameViewController.swift */; };
		82E616A31C8785F2005893B1 /* Main.storyboard in Resources */ = {isa = PBXBuildFile; fileRef = 82E616A11C8785F2005893B1 /* Main.storyboard */; };
		82E616A51C8785F2005893B1 /* Assets.xcassets in Resources */ = {isa = PBXBuildFile; fileRef = 82E616A41C8785F2005893B1 /* Assets.xcassets */; };
		82E616A81C8785F2005893B1 /* LaunchScreen.storyboard in Resources */ = {isa = PBXBuildFile; fileRef = 82E616A61C8785F2005893B1 /* LaunchScreen.storyboard */; };
		82E616B31C8785F2005893B1 /* FallingFishTests.swift in Sources */ = {isa = PBXBuildFile; fileRef = 82E616B21C8785F2005893B1 /* FallingFishTests.swift */; };
		82E616BE1C8785F2005893B1 /* FallingFishUITests.swift in Sources */ = {isa = PBXBuildFile; fileRef = 82E616BD1C8785F2005893B1 /* FallingFishUITests.swift */; };
/* End PBXBuildFile section */

/* Begin PBXContainerItemProxy section */
		82E616AF1C8785F2005893B1 /* PBXContainerItemProxy */ = {
			isa = PBXContainerItemProxy;
			containerPortal = 82E6168E1C8785F1005893B1 /* Project object */;
			proxyType = 1;
			remoteGlobalIDString = 82E616951C8785F1005893B1;
			remoteInfo = FallingFish;
		};
		82E616BA1C8785F2005893B1 /* PBXContainerItemProxy */ = {
			isa = PBXContainerItemProxy;
			containerPortal = 82E6168E1C8785F1005893B1 /* Project object */;
			proxyType = 1;
			remoteGlobalIDString = 82E616951C8785F1005893B1;
			remoteInfo = FallingFish;
		};
/* End PBXContainerItemProxy section */

/* Begin PBXFileReference section */
		82E616961C8785F2005893B1 /* FallingFish.app */ = {isa = PBXFileReference; explicitFileType = wrapper.application; includeInIndex = 0; path = FallingFish.app; sourceTree = BUILT_PRODUCTS_DIR; };
		82E616991C8785F2005893B1 /* AppDelegate.swift */ = {isa = PBXFileReference; lastKnownFileType = sourcecode.swift; path = AppDelegate.swift; sourceTree = "<group>"; };
		82E6169B1C8785F2005893B1 /* GameScene.sks */ = {isa = PBXFileReference; lastKnownFileType = file.sks; path = GameScene.sks; sourceTree = "<group>"; };
		82E6169D1C8785F2005893B1 /* GameScene.swift */ = {isa = PBXFileReference; lastKnownFileType = sourcecode.swift; path = GameScene.swift; sourceTree = "<group>"; };
		82E6169F1C8785F2005893B1 /* GameViewController.swift */ = {isa = PBXFileReference; lastKnownFileType = sourcecode.swift; path = GameViewController.swift; sourceTree = "<group>"; };
		82E616A21C8785F2005893B1 /* Base */ = {isa = PBXFileReference; lastKnownFileType = file.storyboard; name = Base; path = Base.lproj/Main.storyboard; sourceTree = "<group>"; };
		82E616A41C8785F2005893B1 /* Assets.xcassets */ = {isa = PBXFileReference; lastKnownFileType = folder.assetcatalog; path = Assets.xcassets; sourceTree = "<group>"; };
		82E616A71C8785F2005893B1 /* Base */ = {isa = PBXFileReference; lastKnownFileType = file.storyboard; name = Base; path = Base.lproj/LaunchScreen.storyboard; sourceTree = "<group>"; };
		82E616A91C8785F2005893B1 /* Info.plist */ = {isa = PBXFileReference; lastKnownFileType = text.plist.xml; path = Info.plist; sourceTree = "<group>"; };
		82E616AE1C8785F2005893B1 /* FallingFishTests.xctest */ = {isa = PBXFileReference; explicitFileType = wrapper.cfbundle; includeInIndex = 0; path = FallingFishTests.xctest; sourceTree = BUILT_PRODUCTS_DIR; };
		82E616B21C8785F2005893B1 /* FallingFishTests.swift */ = {isa = PBXFileReference; lastKnownFileType = sourcecode.swift; path = FallingFishTests.swift; sourceTree = "<group>"; };
		82E616B41C8785F2005893B1 /* Info.plist */ = {isa = PBXFileReference; lastKnownFileType = text.plist.xml; path = Info.plist; sourceTree = "<group>"; };
		82E616B91C8785F2005893B1 /* FallingFishUITests.xctest */ = {isa = PBXFileReference; explicitFileType = wrapper.cfbundle; includeInIndex = 0; path = FallingFishUITests.xctest; sourceTree = BUILT_PRODUCTS_DIR; };
		82E616BD1C8785F2005893B1 /* FallingFishUITests.swift */ = {isa = PBXFileReference; lastKnownFileType = sourcecode.swift; path = FallingFishUITests.swift; sourceTree = "<group>"; };
		82E616BF1C8785F2005893B1 /* Info.plist */ = {isa = PBXFileReference; lastKnownFileType = text.plist.xml; path = Info.plist; sourceTree = "<group>"; };
/* End PBXFileReference section */

/* Begin PBXFrameworksBuildPhase section */
		82E616931C8785F1005893B1 /* Frameworks */ = {
			isa = PBXFrameworksBuildPhase;
			buildActionMask = 2147483647;
			files = (
			);
			runOnlyForDeploymentPostprocessing = 0;
		};
		82E616AB1C8785F2005893B1 /* Frameworks */ = {
			isa = PBXFrameworksBuildPhase;
			buildActionMask = 2147483647;
			files = (
			);
			runOnlyForDeploymentPostprocessing = 0;
		};
		82E616B61C8785F2005893B1 /* Frameworks */ = {
			isa = PBXFrameworksBuildPhase;
			buildActionMask = 2147483647;
			files = (
			);
			runOnlyForDeploymentPostprocessing = 0;
		};
/* End PBXFrameworksBuildPhase section */

/* Begin PBXGroup section */
		82E6168D1C8785F1005893B1 = {
			isa = PBXGroup;
			children = (
				82E616981C8785F2005893B1 /* FallingFish */,
				82E616B11C8785F2005893B1 /* FallingFishTests */,
				82E616BC1C8785F2005893B1 /* FallingFishUITests */,
				82E616971C8785F2005893B1 /* Products */,
			);
			sourceTree = "<group>";
		};
		82E616971C8785F2005893B1 /* Products */ = {
			isa = PBXGroup;
			children = (
				82E616961C8785F2005893B1 /* FallingFish.app */,
				82E616AE1C8785F2005893B1 /* FallingFishTests.xctest */,
				82E616B91C8785F2005893B1 /* FallingFishUITests.xctest */,
			);
			name = Products;
			sourceTree = "<group>";
		};
		82E616981C8785F2005893B1 /* FallingFish */ = {
			isa = PBXGroup;
			children = (
				82E616991C8785F2005893B1 /* AppDelegate.swift */,
				82E6169B1C8785F2005893B1 /* GameScene.sks */,
				82E6169D1C8785F2005893B1 /* GameScene.swift */,
				82E6169F1C8785F2005893B1 /* GameViewController.swift */,
				82E616A11C8785F2005893B1 /* Main.storyboard */,
				82E616A41C8785F2005893B1 /* Assets.xcassets */,
				82E616A61C8785F2005893B1 /* LaunchScreen.storyboard */,
				82E616A91C8785F2005893B1 /* Info.plist */,
			);
			path = FallingFish;
			sourceTree = "<group>";
		};
		82E616B11C8785F2005893B1 /* FallingFishTests */ = {
			isa = PBXGroup;
			children = (
				82E616B21C8785F2005893B1 /* FallingFishTests.swift */,
				82E616B41C8785F2005893B1 /* Info.plist */,
			);
			path = FallingFishTests;
			sourceTree = "<group>";
		};
		82E616BC1C8785F2005893B1 /* FallingFishUITests */ = {
			isa = PBXGroup;
			children = (
				82E616BD1C8785F2005893B1 /* FallingFishUITests.swift */,
				82E616BF1C8785F2005893B1 /* Info.plist */,
			);
			path = FallingFishUITests;
			sourceTree = "<group>";
		};
/* End PBXGroup section */

/* Begin PBXNativeTarget section */
		82E616951C8785F1005893B1 /* FallingFish */ = {
			isa = PBXNativeTarget;
			buildConfigurationList = 82E616C21C8785F2005893B1 /* Build configuration list for PBXNativeTarget "FallingFish" */;
			buildPhases = (
				82E616921C8785F1005893B1 /* Sources */,
				82E616931C8785F1005893B1 /* Frameworks */,
				82E616941C8785F1005893B1 /* Resources */,
			);
			buildRules = (
			);
			dependencies = (
			);
			name = FallingFish;
			productName = FallingFish;
			productReference = 82E616961C8785F2005893B1 /* FallingFish.app */;
			productType = "com.apple.product-type.application";
		};
		82E616AD1C8785F2005893B1 /* FallingFishTests */ = {
			isa = PBXNativeTarget;
			buildConfigurationList = 82E616C51C8785F2005893B1 /* Build configuration list for PBXNativeTarget "FallingFishTests" */;
			buildPhases = (
				82E616AA1C8785F2005893B1 /* Sources */,
				82E616AB1C8785F2005893B1 /* Frameworks */,
				82E616AC1C8785F2005893B1 /* Resources */,
			);
			buildRules = (
			);
			dependencies = (
				82E616B01C8785F2005893B1 /* PBXTargetDependency */,
			);
			name = FallingFishTests;
			productName = FallingFishTests;
			productReference = 82E616AE1C8785F2005893B1 /* FallingFishTests.xctest */;
			productType = "com.apple.product-type.bundle.unit-test";
		};
		82E616B81C8785F2005893B1 /* FallingFishUITests */ = {
			isa = PBXNativeTarget;
			buildConfigurationList = 82E616C81C8785F2005893B1 /* Build configuration list for PBXNativeTarget "FallingFishUITests" */;
			buildPhases = (
				82E616B51C8785F2005893B1 /* Sources */,
				82E616B61C8785F2005893B1 /* Frameworks */,
				82E616B71C8785F2005893B1 /* Resources */,
			);
			buildRules = (
			);
			dependencies = (
				82E616BB1C8785F2005893B1 /* PBXTargetDependency */,
			);
			name = FallingFishUITests;
			productName = FallingFishUITests;
			productReference = 82E616B91C8785F2005893B1 /* FallingFishUITests.xctest */;
			productType = "com.apple.product-type.bundle.ui-testing";
		};
/* End PBXNativeTarget section */

/* Begin PBXProject section */
		82E6168E1C8785F1005893B1 /* Project object */ = {
			isa = PBXProject;
			attributes = {
				LastSwiftUpdateCheck = 0720;
				LastUpgradeCheck = 0720;
				ORGANIZATIONNAME = "Will Burford";
				TargetAttributes = {
					82E616951C8785F1005893B1 = {
						CreatedOnToolsVersion = 7.2.1;
					};
					82E616AD1C8785F2005893B1 = {
						CreatedOnToolsVersion = 7.2.1;
						TestTargetID = 82E616951C8785F1005893B1;
					};
					82E616B81C8785F2005893B1 = {
						CreatedOnToolsVersion = 7.2.1;
						TestTargetID = 82E616951C8785F1005893B1;
					};
				};
			};
			buildConfigurationList = 82E616911C8785F1005893B1 /* Build configuration list for PBXProject "FallingFish" */;
			compatibilityVersion = "Xcode 3.2";
			developmentRegion = English;
			hasScannedForEncodings = 0;
			knownRegions = (
				en,
				Base,
			);
			mainGroup = 82E6168D1C8785F1005893B1;
			productRefGroup = 82E616971C8785F2005893B1 /* Products */;
			projectDirPath = "";
			projectRoot = "";
			targets = (
				82E616951C8785F1005893B1 /* FallingFish */,
				82E616AD1C8785F2005893B1 /* FallingFishTests */,
				82E616B81C8785F2005893B1 /* FallingFishUITests */,
			);
		};
/* End PBXProject section */

/* Begin PBXResourcesBuildPhase section */
		82E616941C8785F1005893B1 /* Resources */ = {
			isa = PBXResourcesBuildPhase;
			buildActionMask = 2147483647;
			files = (
				82E6169C1C8785F2005893B1 /* GameScene.sks in Resources */,
				82E616A81C8785F2005893B1 /* LaunchScreen.storyboard in Resources */,
				82E616A51C8785F2005893B1 /* Assets.xcassets in Resources */,
				82E616A31C8785F2005893B1 /* Main.storyboard in Resources */,
			);
			runOnlyForDeploymentPostprocessing = 0;
		};
		82E616AC1C8785F2005893B1 /* Resources */ = {
			isa = PBXResourcesBuildPhase;
			buildActionMask = 2147483647;
			files = (
			);
			runOnlyForDeploymentPostprocessing = 0;
		};
		82E616B71C8785F2005893B1 /* Resources */ = {
			isa = PBXResourcesBuildPhase;
			buildActionMask = 2147483647;
			files = (
			);
			runOnlyForDeploymentPostprocessing = 0;
		};
/* End PBXResourcesBuildPhase section */

/* Begin PBXSourcesBuildPhase section */
		82E616921C8785F1005893B1 /* Sources */ = {
			isa = PBXSourcesBuildPhase;
			buildActionMask = 2147483647;
			files = (
				82E6169E1C8785F2005893B1 /* GameScene.swift in Sources */,
				82E616A01C8785F2005893B1 /* GameViewController.swift in Sources */,
				82E6169A1C8785F2005893B1 /* AppDelegate.swift in Sources */,
			);
			runOnlyForDeploymentPostprocessing = 0;
		};
		82E616AA1C8785F2005893B1 /* Sources */ = {
			isa = PBXSourcesBuildPhase;
			buildActionMask = 2147483647;
			files = (
				82E616B31C8785F2005893B1 /* FallingFishTests.swift in Sources */,
			);
			runOnlyForDeploymentPostprocessing = 0;
		};
		82E616B51C8785F2005893B1 /* Sources */ = {
			isa = PBXSourcesBuildPhase;
			buildActionMask = 2147483647;
			files = (
				82E616BE1C8785F2005893B1 /* FallingFishUITests.swift in Sources */,
			);
			runOnlyForDeploymentPostprocessing = 0;
		};
/* End PBXSourcesBuildPhase section */

/* Begin PBXTargetDependency section */
		82E616B01C8785F2005893B1 /* PBXTargetDependency */ = {
			isa = PBXTargetDependency;
			target = 82E616951C8785F1005893B1 /* FallingFish */;
			targetProxy = 82E616AF1C8785F2005893B1 /* PBXContainerItemProxy */;
		};
		82E616BB1C8785F2005893B1 /* PBXTargetDependency */ = {
			isa = PBXTargetDependency;
			target = 82E616951C8785F1005893B1 /* FallingFish */;
			targetProxy = 82E616BA1C8785F2005893B1 /* PBXContainerItemProxy */;
		};
/* End PBXTargetDependency section */

/* Begin PBXVariantGroup section */
		82E616A11C8785F2005893B1 /* Main.storyboard */ = {
			isa = PBXVariantGroup;
			children = (
				82E616A21C8785F2005893B1 /* Base */,
			);
			name = Main.storyboard;
			sourceTree = "<group>";
		};
		82E616A61C8785F2005893B1 /* LaunchScreen.storyboard */ = {
			isa = PBXVariantGroup;
			children = (
				82E616A71C8785F2005893B1 /* Base */,
			);
			name = LaunchScreen.storyboard;
			sourceTree = "<group>";
		};
/* End PBXVariantGroup section */

/* Begin XCBuildConfiguration section */
		82E616C01C8785F2005893B1 /* Debug */ = {
			isa = XCBuildConfiguration;
			buildSettings = {
				ALWAYS_SEARCH_USER_PATHS = NO;
				CLANG_CXX_LANGUAGE_STANDARD = "gnu++0x";
				CLANG_CXX_LIBRARY = "libc++";
				CLANG_ENABLE_MODULES = YES;
				CLANG_ENABLE_OBJC_ARC = YES;
				CLANG_WARN_BOOL_CONVERSION = YES;
				CLANG_WARN_CONSTANT_CONVERSION = YES;
				CLANG_WARN_DIRECT_OBJC_ISA_USAGE = YES_ERROR;
				CLANG_WARN_EMPTY_BODY = YES;
				CLANG_WARN_ENUM_CONVERSION = YES;
				CLANG_WARN_INT_CONVERSION = YES;
				CLANG_WARN_OBJC_ROOT_CLASS = YES_ERROR;
				CLANG_WARN_UNREACHABLE_CODE = YES;
				CLANG_WARN__DUPLICATE_METHOD_MATCH = YES;
				"CODE_SIGN_IDENTITY[sdk=iphoneos*]" = "iPhone Developer";
				COPY_PHASE_STRIP = NO;
				DEBUG_INFORMATION_FORMAT = "dwarf-with-dsym";
				ENABLE_STRICT_OBJC_MSGSEND = YES;
				ENABLE_TESTABILITY = YES;
				GCC_C_LANGUAGE_STANDARD = gnu99;
				GCC_DYNAMIC_NO_PIC = NO;
				GCC_NO_COMMON_BLOCKS = YES;
				GCC_OPTIMIZATION_LEVEL = 0;
				GCC_PREPROCESSOR_DEFINITIONS = (
					"DEBUG=1",
					"$(inherited)",
				);
				GCC_WARN_64_TO_32_BIT_CONVERSION = YES;
				GCC_WARN_ABOUT_RETURN_TYPE = YES_ERROR;
				GCC_WARN_UNDECLARED_SELECTOR = YES;
				GCC_WARN_UNINITIALIZED_AUTOS = YES_AGGRESSIVE;
				GCC_WARN_UNUSED_FUNCTION = YES;
				GCC_WARN_UNUSED_VARIABLE = YES;
				IPHONEOS_DEPLOYMENT_TARGET = 9.2;
				MTL_ENABLE_DEBUG_INFO = YES;
				ONLY_ACTIVE_ARCH = YES;
				SDKROOT = iphoneos;
				SWIFT_OPTIMIZATION_LEVEL = "-Onone";
				TARGETED_DEVICE_FAMILY = "1,2";
			};
			name = Debug;
		};
		82E616C11C8785F2005893B1 /* Release */ = {
			isa = XCBuildConfiguration;
			buildSettings = {
				ALWAYS_SEARCH_USER_PATHS = NO;
				CLANG_CXX_LANGUAGE_STANDARD = "gnu++0x";
				CLANG_CXX_LIBRARY = "libc++";
				CLANG_ENABLE_MODULES = YES;
				CLANG_ENABLE_OBJC_ARC = YES;
				CLANG_WARN_BOOL_CONVERSION = YES;
				CLANG_WARN_CONSTANT_CONVERSION = YES;
				CLANG_WARN_DIRECT_OBJC_ISA_USAGE = YES_ERROR;
				CLANG_WARN_EMPTY_BODY = YES;
				CLANG_WARN_ENUM_CONVERSION = YES;
				CLANG_WARN_INT_CONVERSION = YES;
				CLANG_WARN_OBJC_ROOT_CLASS = YES_ERROR;
				CLANG_WARN_UNREACHABLE_CODE = YES;
				CLANG_WARN__DUPLICATE_METHOD_MATCH = YES;
				"CODE_SIGN_IDENTITY[sdk=iphoneos*]" = "iPhone Developer";
				COPY_PHASE_STRIP = NO;
				DEBUG_INFORMATION_FORMAT = "dwarf-with-dsym";
				ENABLE_NS_ASSERTIONS = NO;
				ENABLE_STRICT_OBJC_MSGSEND = YES;
				GCC_C_LANGUAGE_STANDARD = gnu99;
				GCC_NO_COMMON_BLOCKS = YES;
				GCC_WARN_64_TO_32_BIT_CONVERSION = YES;
				GCC_WARN_ABOUT_RETURN_TYPE = YES_ERROR;
				GCC_WARN_UNDECLARED_SELECTOR = YES;
				GCC_WARN_UNINITIALIZED_AUTOS = YES_AGGRESSIVE;
				GCC_WARN_UNUSED_FUNCTION = YES;
				GCC_WARN_UNUSED_VARIABLE = YES;
				IPHONEOS_DEPLOYMENT_TARGET = 9.2;
				MTL_ENABLE_DEBUG_INFO = NO;
				SDKROOT = iphoneos;
				TARGETED_DEVICE_FAMILY = "1,2";
				VALIDATE_PRODUCT = YES;
			};
			name = Release;
		};
		82E616C31C8785F2005893B1 /* Debug */ = {
			isa = XCBuildConfiguration;
			buildSettings = {
				ASSETCATALOG_COMPILER_APPICON_NAME = AppIcon;
				INFOPLIST_FILE = FallingFish/Info.plist;
				LD_RUNPATH_SEARCH_PATHS = "$(inherited) @executable_path/Frameworks";
				PRODUCT_BUNDLE_IDENTIFIER = org.wburford.FallingFish;
				PRODUCT_NAME = "$(TARGET_NAME)";
			};
			name = Debug;
		};
		82E616C41C8785F2005893B1 /* Release */ = {
			isa = XCBuildConfiguration;
			buildSettings = {
				ASSETCATALOG_COMPILER_APPICON_NAME = AppIcon;
				INFOPLIST_FILE = FallingFish/Info.plist;
				LD_RUNPATH_SEARCH_PATHS = "$(inherited) @executable_path/Frameworks";
				PRODUCT_BUNDLE_IDENTIFIER = org.wburford.FallingFish;
				PRODUCT_NAME = "$(TARGET_NAME)";
			};
			name = Release;
		};
		82E616C61C8785F2005893B1 /* Debug */ = {
			isa = XCBuildConfiguration;
			buildSettings = {
				BUNDLE_LOADER = "$(TEST_HOST)";
				DEBUG_INFORMATION_FORMAT = dwarf;
				INFOPLIST_FILE = FallingFishTests/Info.plist;
				LD_RUNPATH_SEARCH_PATHS = "$(inherited) @executable_path/Frameworks @loader_path/Frameworks";
				PRODUCT_BUNDLE_IDENTIFIER = org.wburford.FallingFishTests;
				PRODUCT_NAME = "$(TARGET_NAME)";
				TEST_HOST = "$(BUILT_PRODUCTS_DIR)/FallingFish.app/FallingFish";
			};
			name = Debug;
		};
		82E616C71C8785F2005893B1 /* Release */ = {
			isa = XCBuildConfiguration;
			buildSettings = {
				BUNDLE_LOADER = "$(TEST_HOST)";
				INFOPLIST_FILE = FallingFishTests/Info.plist;
				LD_RUNPATH_SEARCH_PATHS = "$(inherited) @executable_path/Frameworks @loader_path/Frameworks";
				PRODUCT_BUNDLE_IDENTIFIER = org.wburford.FallingFishTests;
				PRODUCT_NAME = "$(TARGET_NAME)";
				TEST_HOST = "$(BUILT_PRODUCTS_DIR)/FallingFish.app/FallingFish";
			};
			name = Release;
		};
		82E616C91C8785F2005893B1 /* Debug */ = {
			isa = XCBuildConfiguration;
			buildSettings = {
				DEBUG_INFORMATION_FORMAT = dwarf;
				INFOPLIST_FILE = FallingFishUITests/Info.plist;
				LD_RUNPATH_SEARCH_PATHS = "$(inherited) @executable_path/Frameworks @loader_path/Frameworks";
				PRODUCT_BUNDLE_IDENTIFIER = org.wburford.FallingFishUITests;
				PRODUCT_NAME = "$(TARGET_NAME)";
				TEST_TARGET_NAME = FallingFish;
				USES_XCTRUNNER = YES;
			};
			name = Debug;
		};
		82E616CA1C8785F2005893B1 /* Release */ = {
			isa = XCBuildConfiguration;
			buildSettings = {
				INFOPLIST_FILE = FallingFishUITests/Info.plist;
				LD_RUNPATH_SEARCH_PATHS = "$(inherited) @executable_path/Frameworks @loader_path/Frameworks";
				PRODUCT_BUNDLE_IDENTIFIER = org.wburford.FallingFishUITests;
				PRODUCT_NAME = "$(TARGET_NAME)";
				TEST_TARGET_NAME = FallingFish;
				USES_XCTRUNNER = YES;
			};
			name = Release;
		};
/* End XCBuildConfiguration section */

/* Begin XCConfigurationList section */
		82E616911C8785F1005893B1 /* Build configuration list for PBXProject "FallingFish" */ = {
			isa = XCConfigurationList;
			buildConfigurations = (
				82E616C01C8785F2005893B1 /* Debug */,
				82E616C11C8785F2005893B1 /* Release */,
			);
			defaultConfigurationIsVisible = 0;
			defaultConfigurationName = Release;
		};
		82E616C21C8785F2005893B1 /* Build configuration list for PBXNativeTarget "FallingFish" */ = {
			isa = XCConfigurationList;
			buildConfigurations = (
				82E616C31C8785F2005893B1 /* Debug */,
				82E616C41C8785F2005893B1 /* Release */,
			);
			defaultConfigurationIsVisible = 0;
		};
		82E616C51C8785F2005893B1 /* Build configuration list for PBXNativeTarget "FallingFishTests" */ = {
			isa = XCConfigurationList;
			buildConfigurations = (
				82E616C61C8785F2005893B1 /* Debug */,
				82E616C71C8785F2005893B1 /* Release */,
			);
			defaultConfigurationIsVisible = 0;
		};
		82E616C81C8785F2005893B1 /* Build configuration list for PBXNativeTarget "FallingFishUITests" */ = {
			isa = XCConfigurationList;
			buildConfigurations = (
				82E616C91C8785F2005893B1 /* Debug */,
				82E616CA1C8785F2005893B1 /* Release */,
			);
			defaultConfigurationIsVisible = 0;
		};
/* End XCConfigurationList section */
	};
	rootObject = 82E6168E1C8785F1005893B1 /* Project object */;
}
